
Microsoft Visual Studio Solution File, Format Version 12.00
# Visual Studio Version 17
VisualStudioVersion = 17.0.31903.59
MinimumVisualStudioVersion = 10.0.40219.1
Project("{2150E333-8FDC-42A3-9474-1A3956D46DE8}") = "src", "src", "{8429D214-21AD-4779-8828-CCD66EF408F8}"
EndProject
Project("{FAE04EC0-301F-11D3-BF4B-00C04F79EFBC}") = "LearnEnglish.Domain", "src\LearnEnglish.Domain\LearnEnglish.Domain.csproj", "{F29AAD38-39EE-44E5-8F30-FED2593A0E9F}"
EndProject
Project("{FAE04EC0-301F-11D3-BF4B-00C04F79EFBC}") = "LearnEnglish.Application", "src\LearnEnglish.Application\LearnEnglish.Application.csproj", "{0E751F96-AEB6-4507-9577-05DD8D1B4825}"
EndProject
Project("{FAE04EC0-301F-11D3-BF4B-00C04F79EFBC}") = "LearnEnglish.Infrastructure", "src\LearnEnglish.Infrastructure\LearnEnglish.Infrastructure.csproj", "{35299947-3129-4936-9362-8D052CA4CC8C}"
EndProject
Project("{FAE04EC0-301F-11D3-BF4B-00C04F79EFBC}") = "LearnEnglish.Api", "src\LearnEnglish.Api\LearnEnglish.Api.csproj", "{4A7B1560-F3DA-4955-A9C5-3B6F2A95E76C}"
EndProject
Global
	GlobalSection(SolutionConfigurationPlatforms) = preSolution
		Debug|Any CPU = Debug|Any CPU
		Release|Any CPU = Release|Any CPU
	EndGlobalSection
	GlobalSection(SolutionProperties) = preSolution
		HideSolutionNode = FALSE
	EndGlobalSection
	GlobalSection(ProjectConfigurationPlatforms) = postSolution
		{F29AAD38-39EE-44E5-8F30-FED2593A0E9F}.Debug|Any CPU.ActiveCfg = Debug|Any CPU
		{F29AAD38-39EE-44E5-8F30-FED2593A0E9F}.Debug|Any CPU.Build.0 = Debug|Any CPU
		{F29AAD38-39EE-44E5-8F30-FED2593A0E9F}.Release|Any CPU.ActiveCfg = Release|Any CPU
		{F29AAD38-39EE-44E5-8F30-FED2593A0E9F}.Release|Any CPU.Build.0 = Release|Any CPU
		{0E751F96-AEB6-4507-9577-05DD8D1B4825}.Debug|Any CPU.ActiveCfg = Debug|Any CPU
		{0E751F96-AEB6-4507-9577-05DD8D1B4825}.Debug|Any CPU.Build.0 = Debug|Any CPU
		{0E751F96-AEB6-4507-9577-05DD8D1B4825}.Release|Any CPU.ActiveCfg = Release|Any CPU
		{0E751F96-AEB6-4507-9577-05DD8D1B4825}.Release|Any CPU.Build.0 = Release|Any CPU
		{35299947-3129-4936-9362-8D052CA4CC8C}.Debug|Any CPU.ActiveCfg = Debug|Any CPU
		{35299947-3129-4936-9362-8D052CA4CC8C}.Debug|Any CPU.Build.0 = Debug|Any CPU
		{35299947-3129-4936-9362-8D052CA4CC8C}.Release|Any CPU.ActiveCfg = Release|Any CPU
		{35299947-3129-4936-9362-8D052CA4CC8C}.Release|Any CPU.Build.0 = Release|Any CPU
		{4A7B1560-F3DA-4955-A9C5-3B6F2A95E76C}.Debug|Any CPU.ActiveCfg = Debug|Any CPU
		{4A7B1560-F3DA-4955-A9C5-3B6F2A95E76C}.Debug|Any CPU.Build.0 = Debug|Any CPU
		{4A7B1560-F3DA-4955-A9C5-3B6F2A95E76C}.Release|Any CPU.ActiveCfg = Release|Any CPU
		{4A7B1560-F3DA-4955-A9C5-3B6F2A95E76C}.Release|Any CPU.Build.0 = Release|Any CPU
	EndGlobalSection
	GlobalSection(NestedProjects) = preSolution
		{F29AAD38-39EE-44E5-8F30-FED2593A0E9F} = {8429D214-21AD-4779-8828-CCD66EF408F8}
		{0E751F96-AEB6-4507-9577-05DD8D1B4825} = {8429D214-21AD-4779-8828-CCD66EF408F8}
		{35299947-3129-4936-9362-8D052CA4CC8C} = {8429D214-21AD-4779-8828-CCD66EF408F8}
		{4A7B1560-F3DA-4955-A9C5-3B6F2A95E76C} = {8429D214-21AD-4779-8828-CCD66EF408F8}
	EndGlobalSection
EndGlobal
